{
  "name": "my-awesome-app",
  "version": "1.0.0",
  "lockfileVersion": 3,
  "requires": true,
  "packages": {
    "": {
      "name": "my-awesome-app",
      "version": "1.0.0",
      "dependencies": {
        "cool-datetime-helper": "file:../cool-datetime-helper"
      }
    },
    "../cool-datetime-helper": {
      "version": "1.0.0",
      "hasInstallScript": true
    },
    "node_modules/cool-datetime-helper": {
      "resolved": "../cool-datetime-helper",
      "link": true
    }
  }
}
